
Microsoft Visual Studio Solution File, Format Version 12.00
# Visual Studio 14
VisualStudioVersion = 14.0.25420.1
MinimumVisualStudioVersion = 10.0.40219.1
Project("{2150E333-8FDC-42A3-9474-1A3956D46DE8}") = "src", "src", "{835CD43C-C058-4D52-B6CA-E7C47B25590A}"
EndProject
Project("{2150E333-8FDC-42A3-9474-1A3956D46DE8}") = "Solution Items", "Solution Items", "{62F6BD74-A465-4A32-BA86-ACA2B5245D35}"
	ProjectSection(SolutionItems) = preProject
		global.json = global.json
	EndProjectSection
EndProject
Project("{8BB2217D-0F2D-49D1-97BC-3654ED321F3B}") = "CoreWebApp", "src\CoreWebApp\CoreWebApp.xproj", "{D518EEB3-3D96-404E-8711-051115C60A00}"
EndProject
Global
	GlobalSection(SolutionConfigurationPlatforms) = preSolution
		Debug|Any CPU = Debug|Any CPU
		Release|Any CPU = Release|Any CPU
	EndGlobalSection
	GlobalSection(ProjectConfigurationPlatforms) = postSolution
		{D518EEB3-3D96-404E-8711-051115C60A00}.Debug|Any CPU.ActiveCfg = Debug|Any CPU
		{D518EEB3-3D96-404E-8711-051115C60A00}.Debug|Any CPU.Build.0 = Debug|Any CPU
		{D518EEB3-3D96-404E-8711-051115C60A00}.Release|Any CPU.ActiveCfg = Release|Any CPU
		{D518EEB3-3D96-404E-8711-051115C60A00}.Release|Any CPU.Build.0 = Release|Any CPU
	EndGlobalSection
	GlobalSection(SolutionProperties) = preSolution
		HideSolutionNode = FALSE
	EndGlobalSection
	GlobalSection(NestedProjects) = preSolution
		{D518EEB3-3D96-404E-8711-051115C60A00} = {835CD43C-C058-4D52-B6CA-E7C47B25590A}
	EndGlobalSection
EndGlobal
